
Microsoft Visual Studio Solution File, Format Version 12.00
# Visual Studio 15
VisualStudioVersion = 15.0.27130.2020
MinimumVisualStudioVersion = 10.0.40219.1
Project("{FAE04EC0-301F-11D3-BF4B-00C04F79EFBC}") = "DLP-NIR-Win-SDK-App-CS", "DLP-NIR-Win-SDK-App-CS\DLP-NIR-Win-SDK-App-CS.csproj", "{A2427853-D717-466E-B458-71A8742A1584}"
EndProject
Global
	GlobalSection(SolutionConfigurationPlatforms) = preSolution
		Debug|Any CPU = Debug|Any CPU
		Debug|x64 = Debug|x64
		Debug|x86 = Debug|x86
		Release|Any CPU = Release|Any CPU
		Release|x64 = Release|x64
		Release|x86 = Release|x86
	EndGlobalSection
	GlobalSection(ProjectConfigurationPlatforms) = postSolution
		{A2427853-D717-466E-B458-71A8742A1584}.Debug|Any CPU.ActiveCfg = Debug|Any CPU
		{A2427853-D717-466E-B458-71A8742A1584}.Debug|Any CPU.Build.0 = Debug|Any CPU
		{A2427853-D717-466E-B458-71A8742A1584}.Debug|x64.ActiveCfg = Debug|Any CPU
		{A2427853-D717-466E-B458-71A8742A1584}.Debug|x64.Build.0 = Debug|Any CPU
		{A2427853-D717-466E-B458-71A8742A1584}.Debug|x86.ActiveCfg = Debug|x86
		{A2427853-D717-466E-B458-71A8742A1584}.Debug|x86.Build.0 = Debug|x86
		{A2427853-D717-466E-B458-71A8742A1584}.Release|Any CPU.ActiveCfg = Release|Any CPU
		{A2427853-D717-466E-B458-71A8742A1584}.Release|Any CPU.Build.0 = Release|Any CPU
		{A2427853-D717-466E-B458-71A8742A1584}.Release|x64.ActiveCfg = Release|Any CPU
		{A2427853-D717-466E-B458-71A8742A1584}.Release|x64.Build.0 = Release|Any CPU
		{A2427853-D717-466E-B458-71A8742A1584}.Release|x86.ActiveCfg = Release|x86
		{A2427853-D717-466E-B458-71A8742A1584}.Release|x86.Build.0 = Release|x86
	EndGlobalSection
	GlobalSection(SolutionProperties) = preSolution
		HideSolutionNode = FALSE
	EndGlobalSection
	GlobalSection(ExtensibilityGlobals) = postSolution
		SolutionGuid = {C596476C-D6D1-475B-8F6A-9B135C14D41B}
	EndGlobalSection
EndGlobal
